
Microsoft Visual Studio Solution File, Format Version 12.00
# Visual Studio Version 17
VisualStudioVersion = 17.11.35303.130
MinimumVisualStudioVersion = 10.0.40219.1
Project("{9A19103F-16F7-4668-BE54-9A1E7A4F7556}") = "TicketClassLibrary", "TicketClassLibrary\TicketClassLibrary.csproj", "{5D4543C1-8A23-4A88-824D-35285F537A58}"
EndProject
Project("{9A19103F-16F7-4668-BE54-9A1E7A4F7556}") = "TicketClassLibraryTests", "TicketClassLibraryTests\TicketClassLibraryTests.csproj", "{A81C4693-8E80-473B-B8F4-23DD26519A6E}"
EndProject
Project("{9A19103F-16F7-4668-BE54-9A1E7A4F7556}") = "StoreBaeltTicketLibrary", "StoreBaeltTicketLibrary\StoreBaeltTicketLibrary.csproj", "{9738869A-A2CF-4098-9578-47340DE6B202}"
EndProject
Project("{9A19103F-16F7-4668-BE54-9A1E7A4F7556}") = "StoreBaeltTicketLibraryTests", "StoreBaeltTicketLibraryTests\StoreBaeltTicketLibraryTests.csproj", "{FF0669FF-74D0-40C1-B667-7FCA9A819150}"
EndProject
Project("{9A19103F-16F7-4668-BE54-9A1E7A4F7556}") = "OresundbronLibrary", "OresundbronLibrary\OresundbronLibrary.csproj", "{AD69F930-9B8A-4498-82A5-54BEC13146AB}"
EndProject
Project("{9A19103F-16F7-4668-BE54-9A1E7A4F7556}") = "OresundbronLibraryTests", "OresundbronLibraryTests\OresundbronLibraryTests.csproj", "{57875148-2254-4E84-A600-1451183AB2D1}"
EndProject
Project("{FAE04EC0-301F-11D3-BF4B-00C04F79EFBC}") = "TCPserver", "TCPserver\TCPserver.csproj", "{1E81EB88-12B8-479F-B650-4D9C8908C899}"
EndProject
Global
	GlobalSection(SolutionConfigurationPlatforms) = preSolution
		Debug|Any CPU = Debug|Any CPU
		Release|Any CPU = Release|Any CPU
	EndGlobalSection
	GlobalSection(ProjectConfigurationPlatforms) = postSolution
		{5D4543C1-8A23-4A88-824D-35285F537A58}.Debug|Any CPU.ActiveCfg = Debug|Any CPU
		{5D4543C1-8A23-4A88-824D-35285F537A58}.Debug|Any CPU.Build.0 = Debug|Any CPU
		{5D4543C1-8A23-4A88-824D-35285F537A58}.Release|Any CPU.ActiveCfg = Release|Any CPU
		{5D4543C1-8A23-4A88-824D-35285F537A58}.Release|Any CPU.Build.0 = Release|Any CPU
		{A81C4693-8E80-473B-B8F4-23DD26519A6E}.Debug|Any CPU.ActiveCfg = Debug|Any CPU
		{A81C4693-8E80-473B-B8F4-23DD26519A6E}.Debug|Any CPU.Build.0 = Debug|Any CPU
		{A81C4693-8E80-473B-B8F4-23DD26519A6E}.Release|Any CPU.ActiveCfg = Release|Any CPU
		{A81C4693-8E80-473B-B8F4-23DD26519A6E}.Release|Any CPU.Build.0 = Release|Any CPU
		{9738869A-A2CF-4098-9578-47340DE6B202}.Debug|Any CPU.ActiveCfg = Debug|Any CPU
		{9738869A-A2CF-4098-9578-47340DE6B202}.Debug|Any CPU.Build.0 = Debug|Any CPU
		{9738869A-A2CF-4098-9578-47340DE6B202}.Release|Any CPU.ActiveCfg = Release|Any CPU
		{9738869A-A2CF-4098-9578-47340DE6B202}.Release|Any CPU.Build.0 = Release|Any CPU
		{FF0669FF-74D0-40C1-B667-7FCA9A819150}.Debug|Any CPU.ActiveCfg = Debug|Any CPU
		{FF0669FF-74D0-40C1-B667-7FCA9A819150}.Debug|Any CPU.Build.0 = Debug|Any CPU
		{FF0669FF-74D0-40C1-B667-7FCA9A819150}.Release|Any CPU.ActiveCfg = Release|Any CPU
		{FF0669FF-74D0-40C1-B667-7FCA9A819150}.Release|Any CPU.Build.0 = Release|Any CPU
		{AD69F930-9B8A-4498-82A5-54BEC13146AB}.Debug|Any CPU.ActiveCfg = Debug|Any CPU
		{AD69F930-9B8A-4498-82A5-54BEC13146AB}.Debug|Any CPU.Build.0 = Debug|Any CPU
		{AD69F930-9B8A-4498-82A5-54BEC13146AB}.Release|Any CPU.ActiveCfg = Release|Any CPU
		{AD69F930-9B8A-4498-82A5-54BEC13146AB}.Release|Any CPU.Build.0 = Release|Any CPU
		{57875148-2254-4E84-A600-1451183AB2D1}.Debug|Any CPU.ActiveCfg = Debug|Any CPU
		{57875148-2254-4E84-A600-1451183AB2D1}.Debug|Any CPU.Build.0 = Debug|Any CPU
		{57875148-2254-4E84-A600-1451183AB2D1}.Release|Any CPU.ActiveCfg = Release|Any CPU
		{57875148-2254-4E84-A600-1451183AB2D1}.Release|Any CPU.Build.0 = Release|Any CPU
		{1E81EB88-12B8-479F-B650-4D9C8908C899}.Debug|Any CPU.ActiveCfg = Debug|Any CPU
		{1E81EB88-12B8-479F-B650-4D9C8908C899}.Debug|Any CPU.Build.0 = Debug|Any CPU
		{1E81EB88-12B8-479F-B650-4D9C8908C899}.Release|Any CPU.ActiveCfg = Release|Any CPU
		{1E81EB88-12B8-479F-B650-4D9C8908C899}.Release|Any CPU.Build.0 = Release|Any CPU
	EndGlobalSection
	GlobalSection(SolutionProperties) = preSolution
		HideSolutionNode = FALSE
	EndGlobalSection
	GlobalSection(ExtensibilityGlobals) = postSolution
		SolutionGuid = {1023E039-6FCB-45B4-BE49-A17BC96CB793}
	EndGlobalSection
EndGlobal
